github.com/expgo/factory v0.0.0-20240331062605-e885e69c6426 h1:1WxRHYiaeTXH6KOMeNh2BHGqfzTEas4QJWr5v/ubJqs=
github.com/expgo/factory v0.0.0-20240331062605-e885e69c6426/go.mod h1:T+ZVWsHgs9YHF6So99KTDmRyDkkjuVqr3V14QlT04aA=
github.com/expgo/generic v0.0.0-20240323131353-339c0d4e5e11 h1:cWUgCuzaYf5WhAmgfsjQjAkug6357xree+yILbHUzIE=
github.com/expgo/generic v0.0.0-20240323131353-339c0d4e5e11/go.mod h1:Q3Y49UmlJcsKsmbWI6VA4+Z+N66PfJcSOPM+XC/N1y8=
github.com/expgo/structure v0.0.0-20240330155600-da719deecafd h1:AwfQPc0VGnJldbnqvYjKnDMmQxxa9UVBXP79vG543yQ=
github.com/expgo/structure v0.0.0-20240330155600-da719deecafd/go.mod h1:+TyxUwrs9+ZD9liPu7uO02NiWADfZs3zECNU/eWA2AM=
github.com/expgo/structure v0.0.0-20240408070413-75d7f6febe00 h1:DeFvhh1mqRmI6diQxf6mEnnZsqlayd+t2Smxj3Khjrg=
github.com/expgo/structure v0.0.0-20240408070413-75d7f6febe00/go.mod h1:5vmNK2QGUV0oovMingawA6CdIIZxKhLjxxq3GLxDNXI=
github.com/expr-lang/expr v1.16.3 h1:NLldf786GffptcXNxxJx5dQ+FzeWDKChBDqOOwyK8to=
github.com/expr-lang/expr v1.16.3/go.mod h1:uCkhfG+x7fcZ5A5sXHKuQ07jGZRl6J0FCAaf2k4PtVQ=
go.uber.org/multierr v1.11.0 h1:blXXJkSxSSfBVBlC76pxqeO+LN3aDfLQo+309xJstO0=
go.uber.org/multierr v1.11.0/go.mod h1:20+QtiLqy0Nd6FdQB9TLXag12DsQkrbs3htMFfDN80Y=
go.uber.org/zap v1.27.0 h1:aJMhYGrd5QSmlpLMr2MftRKl7t8J8PTZPA732ud/XR8=
go.uber.org/zap v1.27.0/go.mod h1:GB2qFLM7cTU87MWRP2mPIjqfIDnGu+VIO4V/SdhGo2E=
gopkg.in/natefinch/lumberjack.v2 v2.2.1 h1:bBRl1b0OH9s/DuPhuXpNl+VtCaJXFZ5/uEFST95x9zc=
gopkg.in/natefinch/lumberjack.v2 v2.2.1/go.mod h1:YD8tP3GAjkrDg1eZH7EGmyESg/lsYskCTPBJVb9jqSc=
