github.com/davecgh/go-spew v1.1.2-0.20180830191138-d8f796af33cc h1:U9qPSI2PIWSS1VwoXQT9A3Wy9MM3WgvqSxFWenqJduM=
github.com/davecgh/go-spew v1.1.2-0.20180830191138-d8f796af33cc/go.mod h1:J7Y8YcW2NihsgmVo/mv3lAwl/skON4iLHjSsI+c5H38=
github.com/expgo/ag v0.0.0-20240412034540-693d298d12d2 h1:mEm8Ms3A2637QOpqSn8+euqS3vVKkmYKlRmcbebKzL8=
github.com/expgo/ag v0.0.0-20240412034540-693d298d12d2/go.mod h1:WrYJWyh2eay6luc54PW14wr1bvFuz4GtOTOroLULelU=
github.com/expgo/config v0.0.0-20240410150542-8d8d04d115ed h1:8hivceYK/ryPBQfGYDjr4kD/oGFOnnu8zePJcCOHVlk=
github.com/expgo/config v0.0.0-20240410150542-8d8d04d115ed/go.mod h1:iDntVgrQ1sftCBZvdZQY2XaptCLZiCIOwVrF/9TgHpk=
github.com/expgo/factory v0.0.0-20240411154216-bb7a7e029c04 h1:qSdHZSrbSdQpQ9HRBzrqc8CIyr3OQ0gmX8ZRFHDPm9o=
github.com/expgo/factory v0.0.0-20240411154216-bb7a7e029c04/go.mod h1:hg8tUymtbA04jai8PwCAz0+kI+UN0wMeXbw3/FLR1qM=
github.com/expgo/generic v0.0.0-20240410123247-e162144797ca h1:/+jU23qxfKaI7NLQ+1Ut7wR7o2ccg4SYLGERnobFpo4=
github.com/expgo/generic v0.0.0-20240410123247-e162144797ca/go.mod h1:Q3Y49UmlJcsKsmbWI6VA4+Z+N66PfJcSOPM+XC/N1y8=
github.com/expgo/structure v0.0.0-20240409145933-0849cfa62db1 h1:2fcKSKZlBBibWukb7aXbGk7SGVxZSPM1JbwVKtZjp7M=
github.com/expgo/structure v0.0.0-20240409145933-0849cfa62db1/go.mod h1:5vmNK2QGUV0oovMingawA6CdIIZxKhLjxxq3GLxDNXI=
github.com/expr-lang/expr v1.16.4 h1:1Mq5RHw5T5jxXMUvyb+eT546mJREm1yFyNHkybYQ81c=
github.com/expr-lang/expr v1.16.4/go.mod h1:uCkhfG+x7fcZ5A5sXHKuQ07jGZRl6J0FCAaf2k4PtVQ=
github.com/gobwas/glob v0.2.3 h1:A4xDbljILXROh+kObIiy5kIaPYD8e96x1tgBhUI5J+Y=
github.com/gobwas/glob v0.2.3/go.mod h1:d3Ez4x06l9bZtSvzIay5+Yzi0fmZzPgnTbPcKjJAkT8=
github.com/pmezard/go-difflib v1.0.1-0.20181226105442-5d4384ee4fb2 h1:Jamvg5psRIccs7FGNTlIRMkT8wgtp5eCXdBlqhYGL6U=
github.com/pmezard/go-difflib v1.0.1-0.20181226105442-5d4384ee4fb2/go.mod h1:iKH77koFhYxTK1pcRnkKkqfTogsbg7gZNVY4sRDYZ/4=
github.com/stretchr/testify v1.9.0 h1:HtqpIVDClZ4nwg75+f6Lvsy/wHu+3BoSGCbBAcpTsTg=
github.com/stretchr/testify v1.9.0/go.mod h1:r2ic/lqez/lEtzL7wO/rwa5dbSLXVDPFyf8C91i36aY=
go.uber.org/goleak v1.3.0 h1:2K3zAYmnTNqV73imy9J1T3WC+gmCePx2hEGkimedGto=
go.uber.org/multierr v1.11.0 h1:blXXJkSxSSfBVBlC76pxqeO+LN3aDfLQo+309xJstO0=
go.uber.org/multierr v1.11.0/go.mod h1:20+QtiLqy0Nd6FdQB9TLXag12DsQkrbs3htMFfDN80Y=
go.uber.org/zap v1.27.0 h1:aJMhYGrd5QSmlpLMr2MftRKl7t8J8PTZPA732ud/XR8=
go.uber.org/zap v1.27.0/go.mod h1:GB2qFLM7cTU87MWRP2mPIjqfIDnGu+VIO4V/SdhGo2E=
golang.org/x/mod v0.17.0 h1:zY54UmvipHiNd+pm+m0x9KhZ9hl1/7QNMyxXbc6ICqA=
golang.org/x/mod v0.17.0/go.mod h1:hTbmBsO62+eylJbnUtE2MGJUyE7QWk4xUqPFrRgJ+7c=
gopkg.in/check.v1 v0.0.0-20161208181325-20d25e280405 h1:yhCVgyC4o1eVCa2tZl7eS0r+SDo693bJlVdllGtEeKM=
gopkg.in/check.v1 v0.0.0-20161208181325-20d25e280405/go.mod h1:Co6ibVJAznAaIkqp8huTwlJQCZ016jof/cbN4VW5Yz0=
gopkg.in/natefinch/lumberjack.v2 v2.2.1 h1:bBRl1b0OH9s/DuPhuXpNl+VtCaJXFZ5/uEFST95x9zc=
gopkg.in/natefinch/lumberjack.v2 v2.2.1/go.mod h1:YD8tP3GAjkrDg1eZH7EGmyESg/lsYskCTPBJVb9jqSc=
gopkg.in/yaml.v3 v3.0.1 h1:fxVm/GzAzEWqLHuvctI91KS9hhNmmWOoWu0XTYJS7CA=
gopkg.in/yaml.v3 v3.0.1/go.mod h1:K4uyk7z7BCEPqu6E+C64Yfv1cQ7kz7rIZviUmN+EgEM=
